{
  "version": 4,
  "terraform_version": "1.8.4",
  "serial": 4,
  "lineage": "04cce798-8ee5-459c-c14a-d1a6b74c5156",
  "outputs": {
    "db_creds": {
      "value": "username: username, password: password",
      "type": "string",
      "sensitive": true
    }
  },
  "resources": [
    {
      "mode": "data",
      "type": "aws_caller_identity",
      "name": "self",
      "provider": "provider[\"registry.terraform.io/hashicorp/aws\"]",
      "instances": [
        {
          "schema_version": 0,
          "attributes": {
            "account_id": "838135940574",
            "arn": "arn:aws:iam::838135940574:user/admin",
            "id": "838135940574",
            "user_id": "AIDA4GJGLQXPLGRUJDOG7"
          },
          "sensitive_attributes": []
        }
      ]
    },
    {
      "mode": "data",
      "type": "aws_iam_policy_document",
      "name": "cmk_admin_policy",
      "provider": "provider[\"registry.terraform.io/hashicorp/aws\"]",
      "instances": [
        {
          "schema_version": 0,
          "attributes": {
            "id": "345296156",
            "json": "{\n  \"Version\": \"2012-10-17\",\n  \"Statement\": [\n    {\n      \"Effect\": \"Allow\",\n      \"Action\": \"kms:*\",\n      \"Resource\": \"*\",\n      \"Principal\": {\n        \"AWS\": \"arn:aws:iam::838135940574:user/admin\"\n      }\n    }\n  ]\n}",
            "minified_json": "{\"Version\":\"2012-10-17\",\"Statement\":[{\"Effect\":\"Allow\",\"Action\":\"kms:*\",\"Resource\":\"*\",\"Principal\":{\"AWS\":\"arn:aws:iam::838135940574:user/admin\"}}]}",
            "override_json": null,
            "override_policy_documents": null,
            "policy_id": null,
            "source_json": null,
            "source_policy_documents": null,
            "statement": [
              {
                "actions": [
                  "kms:*"
                ],
                "condition": [],
                "effect": "Allow",
                "not_actions": [],
                "not_principals": [],
                "not_resources": [],
                "principals": [
                  {
                    "identifiers": [
                      "arn:aws:iam::838135940574:user/admin"
                    ],
                    "type": "AWS"
                  }
                ],
                "resources": [
                  "*"
                ],
                "sid": ""
              }
            ],
            "version": "2012-10-17"
          },
          "sensitive_attributes": []
        }
      ]
    },
    {
      "mode": "data",
      "type": "aws_kms_secrets",
      "name": "creds",
      "provider": "provider[\"registry.terraform.io/hashicorp/aws\"]",
      "instances": [
        {
          "schema_version": 0,
          "attributes": {
            "id": "us-east-2",
            "plaintext": {
              "db": "db_username: username\ndb_password: password\n"
            },
            "secret": [
              {
                "context": {},
                "encryption_algorithm": "",
                "grant_tokens": [],
                "key_id": "",
                "name": "db",
                "payload": "AQICAHixE43/9AHtR6WueoX2a/GDu/MHDOgpW+j1atMhrUjLywHt9Nu5BjfgrQWQBXnqPflxAAAAizCBiAYJKoZIhvcNAQcGoHsweQIBADB0BgkqhkiG9w0BBwEwHgYJYIZIAWUDBAEuMBEEDNTMQ42PBRHUM6p6iwIBEIBH6A8sPs9O+J565WICw9oOR0WTvphvOwqD5C1CoAMhVWqSoxasdYd4z6RBA9hhLXCzxs/l8nE0CoJvF6Kv6m37zFB3nghT4wo=\n"
              }
            ]
          },
          "sensitive_attributes": [
            [
              {
                "type": "get_attr",
                "value": "plaintext"
              }
            ]
          ]
        }
      ]
    },
    {
      "mode": "managed",
      "type": "aws_kms_alias",
      "name": "cmk",
      "provider": "provider[\"registry.terraform.io/hashicorp/aws\"]",
      "instances": [
        {
          "schema_version": 0,
          "attributes": {
            "arn": "arn:aws:kms:us-east-2:838135940574:alias/kms-cmk-example",
            "id": "alias/kms-cmk-example",
            "name": "alias/kms-cmk-example",
            "name_prefix": "",
            "target_key_arn": "arn:aws:kms:us-east-2:838135940574:key/54a96b0a-5f47-4bf0-99a3-d7975e58b246",
            "target_key_id": "54a96b0a-5f47-4bf0-99a3-d7975e58b246"
          },
          "sensitive_attributes": [],
          "private": "bnVsbA==",
          "dependencies": [
            "aws_kms_key.cmk",
            "data.aws_caller_identity.self",
            "data.aws_iam_policy_document.cmk_admin_policy"
          ]
        }
      ]
    },
    {
      "mode": "managed",
      "type": "aws_kms_key",
      "name": "cmk",
      "provider": "provider[\"registry.terraform.io/hashicorp/aws\"]",
      "instances": [
        {
          "schema_version": 0,
          "attributes": {
            "arn": "arn:aws:kms:us-east-2:838135940574:key/54a96b0a-5f47-4bf0-99a3-d7975e58b246",
            "bypass_policy_lockout_safety_check": false,
            "custom_key_store_id": "",
            "customer_master_key_spec": "SYMMETRIC_DEFAULT",
            "deletion_window_in_days": null,
            "description": "",
            "enable_key_rotation": false,
            "id": "54a96b0a-5f47-4bf0-99a3-d7975e58b246",
            "is_enabled": true,
            "key_id": "54a96b0a-5f47-4bf0-99a3-d7975e58b246",
            "key_usage": "ENCRYPT_DECRYPT",
            "multi_region": false,
            "policy": "{\"Statement\":[{\"Action\":\"kms:*\",\"Effect\":\"Allow\",\"Principal\":{\"AWS\":\"arn:aws:iam::838135940574:user/admin\"},\"Resource\":\"*\"}],\"Version\":\"2012-10-17\"}",
            "rotation_period_in_days": 0,
            "tags": {},
            "tags_all": {},
            "timeouts": null,
            "xks_key_id": ""
          },
          "sensitive_attributes": [],
          "private": "eyJlMmJmYjczMC1lY2FhLTExZTYtOGY4OC0zNDM2M2JjN2M0YzAiOnsiY3JlYXRlIjoxMjAwMDAwMDAwMDB9fQ==",
          "dependencies": [
            "data.aws_caller_identity.self",
            "data.aws_iam_policy_document.cmk_admin_policy"
          ]
        }
      ]
    }
  ],
  "check_results": null
}
