{
  "version": 4,
  "terraform_version": "1.8.4",
  "serial": 8,
  "lineage": "df8fb3ba-9583-47c3-a5cc-048cecedd129",
  "outputs": {},
  "resources": [
    {
      "mode": "data",
      "type": "aws_iam_policy_document",
      "name": "assum_role_policy",
      "provider": "provider[\"registry.terraform.io/hashicorp/aws\"]",
      "instances": [
        {
          "schema_version": 0,
          "attributes": {
            "id": "2259466247",
            "json": "{\n  \"Version\": \"2012-10-17\",\n  \"Statement\": [\n    {\n      \"Effect\": \"Allow\",\n      \"Action\": \"sts:AssumeRoleWithWebIdentity\",\n      \"Principal\": {\n        \"Federated\": \"arn:aws:iam::838135940574:oidc-provider/token.actions.githubusercontent.com\"\n      },\n      \"Condition\": {\n        \"StringEquals\": {\n          \"token.actions.githubusercontent.com:sub\": \"repo:kuritaeiji/terraform-book:ref:refs/heads/main\"\n        }\n      }\n    }\n  ]\n}",
            "minified_json": "{\"Version\":\"2012-10-17\",\"Statement\":[{\"Effect\":\"Allow\",\"Action\":\"sts:AssumeRoleWithWebIdentity\",\"Principal\":{\"Federated\":\"arn:aws:iam::838135940574:oidc-provider/token.actions.githubusercontent.com\"},\"Condition\":{\"StringEquals\":{\"token.actions.githubusercontent.com:sub\":\"repo:kuritaeiji/terraform-book:ref:refs/heads/main\"}}}]}",
            "override_json": null,
            "override_policy_documents": null,
            "policy_id": null,
            "source_json": null,
            "source_policy_documents": null,
            "statement": [
              {
                "actions": [
                  "sts:AssumeRoleWithWebIdentity"
                ],
                "condition": [
                  {
                    "test": "StringEquals",
                    "values": [
                      "repo:kuritaeiji/terraform-book:ref:refs/heads/main"
                    ],
                    "variable": "token.actions.githubusercontent.com:sub"
                  }
                ],
                "effect": "Allow",
                "not_actions": [],
                "not_principals": [],
                "not_resources": [],
                "principals": [
                  {
                    "identifiers": [
                      "arn:aws:iam::838135940574:oidc-provider/token.actions.githubusercontent.com"
                    ],
                    "type": "Federated"
                  }
                ],
                "resources": [],
                "sid": ""
              }
            ],
            "version": "2012-10-17"
          },
          "sensitive_attributes": []
        }
      ]
    },
    {
      "mode": "data",
      "type": "aws_iam_policy_document",
      "name": "assume_role",
      "provider": "provider[\"registry.terraform.io/hashicorp/aws\"]",
      "instances": [
        {
          "schema_version": 0,
          "attributes": {
            "id": "2851119427",
            "json": "{\n  \"Version\": \"2012-10-17\",\n  \"Statement\": [\n    {\n      \"Effect\": \"Allow\",\n      \"Action\": \"sts:AssumeRole\",\n      \"Principal\": {\n        \"Service\": \"ec2.amazonaws.com\"\n      }\n    }\n  ]\n}",
            "minified_json": "{\"Version\":\"2012-10-17\",\"Statement\":[{\"Effect\":\"Allow\",\"Action\":\"sts:AssumeRole\",\"Principal\":{\"Service\":\"ec2.amazonaws.com\"}}]}",
            "override_json": null,
            "override_policy_documents": null,
            "policy_id": null,
            "source_json": null,
            "source_policy_documents": null,
            "statement": [
              {
                "actions": [
                  "sts:AssumeRole"
                ],
                "condition": [],
                "effect": "Allow",
                "not_actions": [],
                "not_principals": [],
                "not_resources": [],
                "principals": [
                  {
                    "identifiers": [
                      "ec2.amazonaws.com"
                    ],
                    "type": "Service"
                  }
                ],
                "resources": [],
                "sid": ""
              }
            ],
            "version": "2012-10-17"
          },
          "sensitive_attributes": []
        }
      ]
    },
    {
      "mode": "data",
      "type": "aws_iam_policy_document",
      "name": "ec2_admin_permissions",
      "provider": "provider[\"registry.terraform.io/hashicorp/aws\"]",
      "instances": [
        {
          "schema_version": 0,
          "attributes": {
            "id": "436197847",
            "json": "{\n  \"Version\": \"2012-10-17\",\n  \"Statement\": [\n    {\n      \"Effect\": \"Allow\",\n      \"Action\": \"ec2:*\",\n      \"Resource\": \"*\"\n    }\n  ]\n}",
            "minified_json": "{\"Version\":\"2012-10-17\",\"Statement\":[{\"Effect\":\"Allow\",\"Action\":\"ec2:*\",\"Resource\":\"*\"}]}",
            "override_json": null,
            "override_policy_documents": null,
            "policy_id": null,
            "source_json": null,
            "source_policy_documents": null,
            "statement": [
              {
                "actions": [
                  "ec2:*"
                ],
                "condition": [],
                "effect": "Allow",
                "not_actions": [],
                "not_principals": [],
                "not_resources": [],
                "principals": [],
                "resources": [
                  "*"
                ],
                "sid": ""
              }
            ],
            "version": "2012-10-17"
          },
          "sensitive_attributes": []
        }
      ]
    },
    {
      "mode": "data",
      "type": "tls_certificate",
      "name": "github",
      "provider": "provider[\"registry.terraform.io/hashicorp/tls\"]",
      "instances": [
        {
          "schema_version": 0,
          "attributes": {
            "certificates": [
              {
                "cert_pem": "-----BEGIN CERTIFICATE-----\nMIIEyDCCA7CgAwIBAgIQDPW9BitWAvR6uFAsI8zwZjANBgkqhkiG9w0BAQsFADBh\nMQswCQYDVQQGEwJVUzEVMBMGA1UEChMMRGlnaUNlcnQgSW5jMRkwFwYDVQQLExB3\nd3cuZGlnaWNlcnQuY29tMSAwHgYDVQQDExdEaWdpQ2VydCBHbG9iYWwgUm9vdCBH\nMjAeFw0yMTAzMzAwMDAwMDBaFw0zMTAzMjkyMzU5NTlaMFkxCzAJBgNVBAYTAlVT\nMRUwEwYDVQQKEwxEaWdpQ2VydCBJbmMxMzAxBgNVBAMTKkRpZ2lDZXJ0IEdsb2Jh\nbCBHMiBUTFMgUlNBIFNIQTI1NiAyMDIwIENBMTCCASIwDQYJKoZIhvcNAQEBBQAD\nggEPADCCAQoCggEBAMz3EGJPprtjb+2QUlbFbSd7ehJWivH0+dbn4Y+9lavyYEEV\ncNsSAPonCrVXOFt9slGTcZUOakGUWzUb+nv6u8W+JDD+Vu/E832X4xT1FE3LpxDy\nFuqrIvAxIhFhaZAmunjZlx/jfWardUSVc8is/+9dCopZQ+GssjoP80j812s3wWPc\n3kbW20X+fSP9kOhRBx5Ro1/tSUZUfyyIxfQTnJcVPAPooTncaQwywa8WV0yUR0J8\nosicfebUTVSvQpmowQTCd5zWSOTOEeAqgJnwQ3DPP3Zr0UxJqyRewg2C/Uaoq2yT\nzGJSQnWS+Jr6Xl6ysGHlHx+5fwmY6D36g39HaaECAwEAAaOCAYIwggF+MBIGA1Ud\nEwEB/wQIMAYBAf8CAQAwHQYDVR0OBBYEFHSFgMBmx9833s+9KTeqAx2+7c0XMB8G\nA1UdIwQYMBaAFE4iVCAYlebjbuYP+vq5Eu0GF485MA4GA1UdDwEB/wQEAwIBhjAd\nBgNVHSUEFjAUBggrBgEFBQcDAQYIKwYBBQUHAwIwdgYIKwYBBQUHAQEEajBoMCQG\nCCsGAQUFBzABhhhodHRwOi8vb2NzcC5kaWdpY2VydC5jb20wQAYIKwYBBQUHMAKG\nNGh0dHA6Ly9jYWNlcnRzLmRpZ2ljZXJ0LmNvbS9EaWdpQ2VydEdsb2JhbFJvb3RH\nMi5jcnQwQgYDVR0fBDswOTA3oDWgM4YxaHR0cDovL2NybDMuZGlnaWNlcnQuY29t\nL0RpZ2lDZXJ0R2xvYmFsUm9vdEcyLmNybDA9BgNVHSAENjA0MAsGCWCGSAGG/WwC\nATAHBgVngQwBATAIBgZngQwBAgEwCAYGZ4EMAQICMAgGBmeBDAECAzANBgkqhkiG\n9w0BAQsFAAOCAQEAkPFwyyiXaZd8dP3A+iZ7U6utzWX9upwGnIrXWkOH7U1MVl+t\nwcW1BSAuWdH/SvWgKtiwla3JLko716f2b4gp/DA/JIS7w7d7kwcsr4drdjPtAFVS\nslme5LnQ89/nD/7d+MS5EHKBCQRfz5eeLjJ1js+aWNJXMX43AYGyZm0pGrFmCW3R\nbpD0ufovARTFXFZkAdl9h6g4U5+LXUZtXMYnhIHUfoyMo5tS58aI7Dd8KvvwVVo4\nchDYABPPTHPbqjc1qCmBaZx2vN4Ye5DUys/vZwP9BFohFrH/6j/f3IL16/RZkiMN\nJCqVJUzKoZHm1Lesh3Sz8W2jmdv51b2EQJ8HmA==\n-----END CERTIFICATE-----\n",
                "is_ca": true,
                "issuer": "CN=DigiCert Global Root G2,OU=www.digicert.com,O=DigiCert Inc,C=US",
                "not_after": "2031-03-29T23:59:59Z",
                "not_before": "2021-03-30T00:00:00Z",
                "public_key_algorithm": "RSA",
                "serial_number": "17226682543955925492517929723242541158",
                "sha1_fingerprint": "1b511abead59c6ce207077c0bf0e0043b1382612",
                "signature_algorithm": "SHA256-RSA",
                "subject": "CN=DigiCert Global G2 TLS RSA SHA256 2020 CA1,O=DigiCert Inc,C=US",
                "version": 3
              },
              {
                "cert_pem": "-----BEGIN CERTIFICATE-----\nMIIIFTCCBv2gAwIBAgIQDxkWd9NEGyNLw9bIZv2g1TANBgkqhkiG9w0BAQsFADBZ\nMQswCQYDVQQGEwJVUzEVMBMGA1UEChMMRGlnaUNlcnQgSW5jMTMwMQYDVQQDEypE\naWdpQ2VydCBHbG9iYWwgRzIgVExTIFJTQSBTSEEyNTYgMjAyMCBDQTEwHhcNMjMw\nODA4MDAwMDAwWhcNMjQwODA3MjM1OTU5WjB7MQswCQYDVQQGEwJVUzETMBEGA1UE\nCBMKQ2FsaWZvcm5pYTEWMBQGA1UEBxMNU2FuIEZyYW5jaXNjbzEVMBMGA1UEChMM\nR2l0SHViLCBJbmMuMSgwJgYDVQQDDB8qLmFjdGlvbnMuZ2l0aHVidXNlcmNvbnRl\nbnQuY29tMIICIjANBgkqhkiG9w0BAQEFAAOCAg8AMIICCgKCAgEA4k8a9OWAmzfL\nZxLhbc70DP0uye9h+hFQ0CXKM5nq5lR0FNgycGr3xZPmKTR9wwR0Y3kmXN/mL23h\nvgnflw9Y1Zf8oE6PPOROTsYRliw6lTtgxyscpH7eWtVDXTSxytTSVI7r44S6ebtp\nXsxTG1MVtnS65OQe6iEgiW8NG+mfb4oSC0yC98tC9hW0qeNs1l00+fYMiwRojBx5\nXrTy0AbLyznx1nF4KGn4FR5qAOPhsUI3+7/jYEuZT5GTKxOizmujTvYLbo4sVgoj\nRdQJYYS1IKyp669UAkvKOxHDrAH+ugKDfTEvwdQIbsUXPvnQwnEJ4q2hj2y+Peg8\nNmQ/YfK0oVq0rNxNe3WFSSAZN3ntenDpy9H2sWEecxg00IbfHRHuW1fosZ38pCoC\ncTBCFVQN6/ECOGC+iJPo3hrhqHCxnLLVB0+s3tgM1WxQ3bNPwp5NHpDvxTnGfvIC\nXgT5buix8wf+Xld5mNiNACKBoqhdzIQga9cvQU85sPU0MBGiurfh/1G0TSLT0dJW\nzadok5vzPKSelNhn9WlDGE9RdkgzNOYLvHGiAkfoukMOXoyybNPnD/9CNMKjbILA\ngL6iMpY9xOAoF5Q133sB//NzI5i9AqW/+dZCjicwOS+4wuPyqVvabuSmZyqbwc6I\nNMS60oDnFSeddrJju4zJXlsx+pnOXBsCAwEAAaOCA7UwggOxMB8GA1UdIwQYMBaA\nFHSFgMBmx9833s+9KTeqAx2+7c0XMB0GA1UdDgQWBBR7WOKzctV85ISMI+MTPlnm\nqUqgfzBJBgNVHREEQjBAgh8qLmFjdGlvbnMuZ2l0aHVidXNlcmNvbnRlbnQuY29t\ngh1hY3Rpb25zLmdpdGh1YnVzZXJjb250ZW50LmNvbTAOBgNVHQ8BAf8EBAMCBaAw\nHQYDVR0lBBYwFAYIKwYBBQUHAwEGCCsGAQUFBwMCMIGfBgNVHR8EgZcwgZQwSKBG\noESGQmh0dHA6Ly9jcmwzLmRpZ2ljZXJ0LmNvbS9EaWdpQ2VydEdsb2JhbEcyVExT\nUlNBU0hBMjU2MjAyMENBMS0xLmNybDBIoEagRIZCaHR0cDovL2NybDQuZGlnaWNl\ncnQuY29tL0RpZ2lDZXJ0R2xvYmFsRzJUTFNSU0FTSEEyNTYyMDIwQ0ExLTEuY3Js\nMD4GA1UdIAQ3MDUwMwYGZ4EMAQICMCkwJwYIKwYBBQUHAgEWG2h0dHA6Ly93d3cu\nZGlnaWNlcnQuY29tL0NQUzCBhwYIKwYBBQUHAQEEezB5MCQGCCsGAQUFBzABhhho\ndHRwOi8vb2NzcC5kaWdpY2VydC5jb20wUQYIKwYBBQUHMAKGRWh0dHA6Ly9jYWNl\ncnRzLmRpZ2ljZXJ0LmNvbS9EaWdpQ2VydEdsb2JhbEcyVExTUlNBU0hBMjU2MjAy\nMENBMS0xLmNydDAJBgNVHRMEAjAAMIIBfAYKKwYBBAHWeQIEAgSCAWwEggFoAWYA\ndQDuzdBk1dsazsVct520zROiModGfLzs3sNRSFlGcR+1mwAAAYnWg4KeAAAEAwBG\nMEQCID49I0TCb/sfFom/gWdAAnAwY0lLg1a3ZheSuUuUZ/awAiBbY+RyBJAsFyIs\nTyjgo7x482okkqoEUdFHNVofmPny9wB1AEiw42vapkc0D+VqAvqdMOscUgHLVt0s\ngdm7v6s52IRzAAABidaDgtcAAAQDAEYwRAIgIjkhLyUFmcZH3M1Eg3br6jjS9XbX\nXteoTjckvYKB9NwCIGjI4b9spIT1JTDzzH4rMfd83028BRS/s0iDYJwlCroXAHYA\nPxdLT9ciR1iUHWUchL4NEu2QN38fhWrrwb8ohez4ZG4AAAGJ1oOCzgAABAMARzBF\nAiEAqjq/OMQ4ObREbWai8DoNZFKxzOArT95JzaPSZoeCf8ECIClHjtZ/Qm4oXBSe\nRfItIOyz7sC6TytYDtVHRdPs7PryMA0GCSqGSIb3DQEBCwUAA4IBAQCGObelVNjx\n/I1+aLKX7N8yB5vz26+y8q0qYmdBti2iAhfdQfLER8QRIwNeZRFy3qoHXk2uyZhB\nLkGv1vXTGWG7DTa0gwZKrvaWPFnx29e0MIpnS2XvnBxa7REYkbz3tbrSmybVKiHU\nPVANgJHDlTyGteHJ6Fpbti0v462jra+hddMEw1JG5K5G4GGgEBoFCaMm2AT3m3FK\njdqGPjFPuK8LZyoYaxGWtddxlzjxGhrkKJFbJmzBGVG48GzKhkRakerp85lTVHh7\nBD+/hhmANDvnnPtCGycYr+tCqz6x2Czl3Jhl8Jq9avYYkINgISgFfTWkTFCyB3QC\nAVK+YgnibWYr\n-----END CERTIFICATE-----\n",
                "is_ca": false,
                "issuer": "CN=DigiCert Global G2 TLS RSA SHA256 2020 CA1,O=DigiCert Inc,C=US",
                "not_after": "2024-08-07T23:59:59Z",
                "not_before": "2023-08-08T00:00:00Z",
                "public_key_algorithm": "RSA",
                "serial_number": "20068683064783400501503996458270826709",
                "sha1_fingerprint": "959cb2b52b4ad201a593847abca32ff48f838c2e",
                "signature_algorithm": "SHA256-RSA",
                "subject": "CN=*.actions.githubusercontent.com,O=GitHub\\, Inc.,L=San Francisco,ST=California,C=US",
                "version": 3
              }
            ],
            "content": null,
            "id": "43add1749d6d9832e0a8fca0784941273380c63a",
            "url": "https://token.actions.githubusercontent.com",
            "verify_chain": true
          },
          "sensitive_attributes": []
        }
      ]
    },
    {
      "mode": "managed",
      "type": "aws_iam_instance_profile",
      "name": "instance",
      "provider": "provider[\"registry.terraform.io/hashicorp/aws\"]",
      "instances": [
        {
          "schema_version": 0,
          "attributes": {
            "arn": "arn:aws:iam::838135940574:instance-profile/terraform-20240530084220876600000003",
            "create_date": "2024-05-30T08:42:20Z",
            "id": "terraform-20240530084220876600000003",
            "name": "terraform-20240530084220876600000003",
            "name_prefix": "terraform-",
            "path": "/",
            "role": "instance20240530084219387700000001",
            "tags": null,
            "tags_all": {},
            "unique_id": "AIPA4GJGLQXPALC5JXJTF"
          },
          "sensitive_attributes": [],
          "private": "bnVsbA==",
          "dependencies": [
            "aws_iam_role.instance",
            "data.aws_iam_policy_document.assume_role"
          ]
        }
      ]
    },
    {
      "mode": "managed",
      "type": "aws_iam_openid_connect_provider",
      "name": "github_actions",
      "provider": "provider[\"registry.terraform.io/hashicorp/aws\"]",
      "instances": [
        {
          "schema_version": 0,
          "attributes": {
            "arn": "arn:aws:iam::838135940574:oidc-provider/token.actions.githubusercontent.com",
            "client_id_list": [
              "sts.amazonaws.com"
            ],
            "id": "arn:aws:iam::838135940574:oidc-provider/token.actions.githubusercontent.com",
            "tags": null,
            "tags_all": {},
            "thumbprint_list": [
              "1b511abead59c6ce207077c0bf0e0043b1382612"
            ],
            "url": "token.actions.githubusercontent.com"
          },
          "sensitive_attributes": [],
          "private": "bnVsbA==",
          "dependencies": [
            "data.tls_certificate.github"
          ]
        }
      ]
    },
    {
      "mode": "managed",
      "type": "aws_iam_role",
      "name": "example_role",
      "provider": "provider[\"registry.terraform.io/hashicorp/aws\"]",
      "instances": [
        {
          "schema_version": 0,
          "attributes": {
            "arn": "arn:aws:iam::838135940574:role/example-role20240530084220443000000002",
            "assume_role_policy": "{\"Statement\":[{\"Action\":\"sts:AssumeRoleWithWebIdentity\",\"Condition\":{\"StringEquals\":{\"token.actions.githubusercontent.com:sub\":\"repo:kuritaeiji/terraform-book:ref:refs/heads/main\"}},\"Effect\":\"Allow\",\"Principal\":{\"Federated\":\"arn:aws:iam::838135940574:oidc-provider/token.actions.githubusercontent.com\"}}],\"Version\":\"2012-10-17\"}",
            "create_date": "2024-05-30T08:42:20Z",
            "description": "",
            "force_detach_policies": false,
            "id": "example-role20240530084220443000000002",
            "inline_policy": [],
            "managed_policy_arns": [],
            "max_session_duration": 3600,
            "name": "example-role20240530084220443000000002",
            "name_prefix": "example-role",
            "path": "/",
            "permissions_boundary": "",
            "tags": null,
            "tags_all": {},
            "unique_id": "AROA4GJGLQXPFODU5ENKF"
          },
          "sensitive_attributes": [],
          "private": "bnVsbA==",
          "dependencies": [
            "aws_iam_openid_connect_provider.github_actions",
            "data.aws_iam_policy_document.assum_role_policy",
            "data.tls_certificate.github"
          ]
        }
      ]
    },
    {
      "mode": "managed",
      "type": "aws_iam_role",
      "name": "instance",
      "provider": "provider[\"registry.terraform.io/hashicorp/aws\"]",
      "instances": [
        {
          "schema_version": 0,
          "attributes": {
            "arn": "arn:aws:iam::838135940574:role/instance20240530084219387700000001",
            "assume_role_policy": "{\"Statement\":[{\"Action\":\"sts:AssumeRole\",\"Effect\":\"Allow\",\"Principal\":{\"Service\":\"ec2.amazonaws.com\"}}],\"Version\":\"2012-10-17\"}",
            "create_date": "2024-05-30T08:42:20Z",
            "description": "",
            "force_detach_policies": false,
            "id": "instance20240530084219387700000001",
            "inline_policy": [],
            "managed_policy_arns": [],
            "max_session_duration": 3600,
            "name": "instance20240530084219387700000001",
            "name_prefix": "instance",
            "path": "/",
            "permissions_boundary": "",
            "tags": null,
            "tags_all": {},
            "unique_id": "AROA4GJGLQXPBRWHFJEON"
          },
          "sensitive_attributes": [],
          "private": "bnVsbA==",
          "dependencies": [
            "data.aws_iam_policy_document.assume_role"
          ]
        }
      ]
    },
    {
      "mode": "managed",
      "type": "aws_iam_role_policy",
      "name": "example",
      "provider": "provider[\"registry.terraform.io/hashicorp/aws\"]",
      "instances": [
        {
          "schema_version": 0,
          "attributes": {
            "id": "instance20240530084219387700000001:terraform-20240530084220877000000004",
            "name": "terraform-20240530084220877000000004",
            "name_prefix": "terraform-",
            "policy": "{\"Version\":\"2012-10-17\",\"Statement\":[{\"Action\":\"ec2:*\",\"Effect\":\"Allow\",\"Resource\":\"*\"}]}",
            "role": "instance20240530084219387700000001"
          },
          "sensitive_attributes": [],
          "private": "bnVsbA==",
          "dependencies": [
            "aws_iam_role.instance",
            "data.aws_iam_policy_document.assume_role",
            "data.aws_iam_policy_document.ec2_admin_permissions"
          ]
        }
      ]
    },
    {
      "mode": "managed",
      "type": "aws_instance",
      "name": "example",
      "provider": "provider[\"registry.terraform.io/hashicorp/aws\"]",
      "instances": [
        {
          "schema_version": 1,
          "attributes": {
            "ami": "ami-0fb653ca2d3203ac1",
            "arn": "arn:aws:ec2:us-east-2:838135940574:instance/i-01e4a733dd3554603",
            "associate_public_ip_address": true,
            "availability_zone": "us-east-2a",
            "capacity_reservation_specification": [
              {
                "capacity_reservation_preference": "open",
                "capacity_reservation_target": []
              }
            ],
            "cpu_core_count": 1,
            "cpu_options": [
              {
                "amd_sev_snp": "",
                "core_count": 1,
                "threads_per_core": 1
              }
            ],
            "cpu_threads_per_core": 1,
            "credit_specification": [
              {
                "cpu_credits": "standard"
              }
            ],
            "disable_api_stop": false,
            "disable_api_termination": false,
            "ebs_block_device": [],
            "ebs_optimized": false,
            "enclave_options": [
              {
                "enabled": false
              }
            ],
            "ephemeral_block_device": [],
            "get_password_data": false,
            "hibernation": false,
            "host_id": "",
            "host_resource_group_arn": null,
            "iam_instance_profile": "terraform-20240530084220876600000003",
            "id": "i-01e4a733dd3554603",
            "instance_initiated_shutdown_behavior": "stop",
            "instance_lifecycle": "",
            "instance_market_options": [],
            "instance_state": "running",
            "instance_type": "t2.micro",
            "ipv6_address_count": 0,
            "ipv6_addresses": [],
            "key_name": "",
            "launch_template": [],
            "maintenance_options": [
              {
                "auto_recovery": "default"
              }
            ],
            "metadata_options": [
              {
                "http_endpoint": "enabled",
                "http_protocol_ipv6": "disabled",
                "http_put_response_hop_limit": 1,
                "http_tokens": "optional",
                "instance_metadata_tags": "disabled"
              }
            ],
            "monitoring": false,
            "network_interface": [],
            "outpost_arn": "",
            "password_data": "",
            "placement_group": "",
            "placement_partition_number": 0,
            "primary_network_interface_id": "eni-03eeccf422fb20e61",
            "private_dns": "ip-172-31-10-75.us-east-2.compute.internal",
            "private_dns_name_options": [
              {
                "enable_resource_name_dns_a_record": false,
                "enable_resource_name_dns_aaaa_record": false,
                "hostname_type": "ip-name"
              }
            ],
            "private_ip": "172.31.10.75",
            "public_dns": "ec2-3-147-54-186.us-east-2.compute.amazonaws.com",
            "public_ip": "3.147.54.186",
            "root_block_device": [
              {
                "delete_on_termination": true,
                "device_name": "/dev/sda1",
                "encrypted": false,
                "iops": 100,
                "kms_key_id": "",
                "tags": {},
                "tags_all": {},
                "throughput": 0,
                "volume_id": "vol-07aadc8ca78046bd2",
                "volume_size": 8,
                "volume_type": "gp2"
              }
            ],
            "secondary_private_ips": [],
            "security_groups": [
              "default"
            ],
            "source_dest_check": true,
            "spot_instance_request_id": "",
            "subnet_id": "subnet-0af0574c80eeb0d17",
            "tags": null,
            "tags_all": {},
            "tenancy": "default",
            "timeouts": null,
            "user_data": null,
            "user_data_base64": null,
            "user_data_replace_on_change": false,
            "volume_tags": null,
            "vpc_security_group_ids": [
              "sg-0d696991ddacf9be2"
            ]
          },
          "sensitive_attributes": [],
          "private": "eyJlMmJmYjczMC1lY2FhLTExZTYtOGY4OC0zNDM2M2JjN2M0YzAiOnsiY3JlYXRlIjo2MDAwMDAwMDAwMDAsImRlbGV0ZSI6MTIwMDAwMDAwMDAwMCwicmVhZCI6OTAwMDAwMDAwMDAwLCJ1cGRhdGUiOjYwMDAwMDAwMDAwMH0sInNjaGVtYV92ZXJzaW9uIjoiMSJ9",
          "dependencies": [
            "aws_iam_instance_profile.instance",
            "aws_iam_role.instance",
            "data.aws_iam_policy_document.assume_role"
          ]
        }
      ]
    }
  ],
  "check_results": null
}
